
Microsoft Visual Studio Solution File, Format Version 12.00
# Visual Studio Version 17
VisualStudioVersion = 17.0.32014.148
MinimumVisualStudioVersion = 10.0.40219.1
Project("{2150E333-8FDC-42A3-9474-1A3956D46DE8}") = "Solution Items", "Solution Items", "{EEDC7C53-32CD-44C5-B6FD-C28DB2C3151C}"
EndProject
Project("{9A19103F-16F7-4668-BE54-9A1E7A4F7556}") = "Irc.Extensions.Apollo", "Irc.Extensions.Apollo\Irc.Extensions.Apollo.csproj", "{C2D11BC8-27FB-43FE-9AF9-381D5EBD3F1E}"
EndProject
Project("{9A19103F-16F7-4668-BE54-9A1E7A4F7556}") = "Irc.Extensions", "Irc.Extensions\Irc.Extensions.csproj", "{CED2E767-6A76-4474-8E6D-2866BBC2B19D}"
EndProject
Project("{9A19103F-16F7-4668-BE54-9A1E7A4F7556}") = "Irc", "Irc\Irc.csproj", "{83C667EF-7EAC-414B-A842-685B5E821D17}"
EndProject
Project("{9A19103F-16F7-4668-BE54-9A1E7A4F7556}") = "Irc.Helpers", "Irc.ClassExtensions\Irc.Helpers.csproj", "{467ADFC0-24A9-4393-81BE-F163CEF90366}"
EndProject
Project("{9A19103F-16F7-4668-BE54-9A1E7A4F7556}") = "Irc.Extensions.NTLM", "Irc.Extensions.NTLM\Irc.Extensions.NTLM.csproj", "{4CDF9005-41B8-4703-842A-FF84D7D3B3A2}"
EndProject
Project("{2150E333-8FDC-42A3-9474-1A3956D46DE8}") = "Tests", "Tests", "{47F8D564-147C-46FF-AF10-8CAA9A1B4D87}"
EndProject
Project("{9A19103F-16F7-4668-BE54-9A1E7A4F7556}") = "Irc.Extensions.NTLM.Tests", "Irc.Extensions.NTLM.Tests\Irc.Extensions.NTLM.Tests.csproj", "{AB1A4F07-A06B-448D-839E-4847F5ACA3BB}"
EndProject
Project("{9A19103F-16F7-4668-BE54-9A1E7A4F7556}") = "Irc7d", "Irc7d\Irc7d.csproj", "{AE549A32-162C-4506-9A3C-2359B286B3DE}"
EndProject
Project("{9A19103F-16F7-4668-BE54-9A1E7A4F7556}") = "Irc.Commands.Tests", "Irc.Commands.Tests\Irc.Commands.Tests.csproj", "{5A7EB666-2296-4BD6-9CC8-A473FBDDACAB}"
EndProject
Project("{9A19103F-16F7-4668-BE54-9A1E7A4F7556}") = "Irc.Extensions.Apollo.Tests", "Irc.Extensions.Apollo.Tests\Irc.Extensions.Apollo.Tests.csproj", "{EB7634C0-EE65-4363-9CD4-9DE78E1F6A9F}"
EndProject
Project("{9A19103F-16F7-4668-BE54-9A1E7A4F7556}") = "Irc.Tests", "Irc.Tests\Irc.Tests.csproj", "{812D153C-A605-4B6A-A35E-E3C7EF143C08}"
EndProject
Project("{FAE04EC0-301F-11D3-BF4B-00C04F79EFBC}") = "Irc.Extensions.Apollo.Directory", "Irc.Extensions.Apollo.Directory\Irc.Extensions.Apollo.Directory.csproj", "{29B05500-BD84-4108-AE5F-45B0AE8B9FB4}"
EndProject
Global
	GlobalSection(SolutionConfigurationPlatforms) = preSolution
		Debug|Any CPU = Debug|Any CPU
		Release|Any CPU = Release|Any CPU
	EndGlobalSection
	GlobalSection(ProjectConfigurationPlatforms) = postSolution
		{C2D11BC8-27FB-43FE-9AF9-381D5EBD3F1E}.Debug|Any CPU.ActiveCfg = Debug|Any CPU
		{C2D11BC8-27FB-43FE-9AF9-381D5EBD3F1E}.Debug|Any CPU.Build.0 = Debug|Any CPU
		{C2D11BC8-27FB-43FE-9AF9-381D5EBD3F1E}.Release|Any CPU.ActiveCfg = Release|Any CPU
		{C2D11BC8-27FB-43FE-9AF9-381D5EBD3F1E}.Release|Any CPU.Build.0 = Release|Any CPU
		{CED2E767-6A76-4474-8E6D-2866BBC2B19D}.Debug|Any CPU.ActiveCfg = Debug|Any CPU
		{CED2E767-6A76-4474-8E6D-2866BBC2B19D}.Debug|Any CPU.Build.0 = Debug|Any CPU
		{CED2E767-6A76-4474-8E6D-2866BBC2B19D}.Release|Any CPU.ActiveCfg = Release|Any CPU
		{CED2E767-6A76-4474-8E6D-2866BBC2B19D}.Release|Any CPU.Build.0 = Release|Any CPU
		{83C667EF-7EAC-414B-A842-685B5E821D17}.Debug|Any CPU.ActiveCfg = Debug|Any CPU
		{83C667EF-7EAC-414B-A842-685B5E821D17}.Debug|Any CPU.Build.0 = Debug|Any CPU
		{83C667EF-7EAC-414B-A842-685B5E821D17}.Release|Any CPU.ActiveCfg = Release|Any CPU
		{83C667EF-7EAC-414B-A842-685B5E821D17}.Release|Any CPU.Build.0 = Release|Any CPU
		{467ADFC0-24A9-4393-81BE-F163CEF90366}.Debug|Any CPU.ActiveCfg = Debug|Any CPU
		{467ADFC0-24A9-4393-81BE-F163CEF90366}.Debug|Any CPU.Build.0 = Debug|Any CPU
		{467ADFC0-24A9-4393-81BE-F163CEF90366}.Release|Any CPU.ActiveCfg = Release|Any CPU
		{467ADFC0-24A9-4393-81BE-F163CEF90366}.Release|Any CPU.Build.0 = Release|Any CPU
		{4CDF9005-41B8-4703-842A-FF84D7D3B3A2}.Debug|Any CPU.ActiveCfg = Debug|Any CPU
		{4CDF9005-41B8-4703-842A-FF84D7D3B3A2}.Debug|Any CPU.Build.0 = Debug|Any CPU
		{4CDF9005-41B8-4703-842A-FF84D7D3B3A2}.Release|Any CPU.ActiveCfg = Release|Any CPU
		{4CDF9005-41B8-4703-842A-FF84D7D3B3A2}.Release|Any CPU.Build.0 = Release|Any CPU
		{AB1A4F07-A06B-448D-839E-4847F5ACA3BB}.Debug|Any CPU.ActiveCfg = Debug|Any CPU
		{AB1A4F07-A06B-448D-839E-4847F5ACA3BB}.Debug|Any CPU.Build.0 = Debug|Any CPU
		{AB1A4F07-A06B-448D-839E-4847F5ACA3BB}.Release|Any CPU.ActiveCfg = Release|Any CPU
		{AB1A4F07-A06B-448D-839E-4847F5ACA3BB}.Release|Any CPU.Build.0 = Release|Any CPU
		{AE549A32-162C-4506-9A3C-2359B286B3DE}.Debug|Any CPU.ActiveCfg = Debug|Any CPU
		{AE549A32-162C-4506-9A3C-2359B286B3DE}.Debug|Any CPU.Build.0 = Debug|Any CPU
		{AE549A32-162C-4506-9A3C-2359B286B3DE}.Release|Any CPU.ActiveCfg = Release|Any CPU
		{AE549A32-162C-4506-9A3C-2359B286B3DE}.Release|Any CPU.Build.0 = Release|Any CPU
		{5A7EB666-2296-4BD6-9CC8-A473FBDDACAB}.Debug|Any CPU.ActiveCfg = Debug|Any CPU
		{5A7EB666-2296-4BD6-9CC8-A473FBDDACAB}.Debug|Any CPU.Build.0 = Debug|Any CPU
		{5A7EB666-2296-4BD6-9CC8-A473FBDDACAB}.Release|Any CPU.ActiveCfg = Release|Any CPU
		{5A7EB666-2296-4BD6-9CC8-A473FBDDACAB}.Release|Any CPU.Build.0 = Release|Any CPU
		{EB7634C0-EE65-4363-9CD4-9DE78E1F6A9F}.Debug|Any CPU.ActiveCfg = Debug|Any CPU
		{EB7634C0-EE65-4363-9CD4-9DE78E1F6A9F}.Debug|Any CPU.Build.0 = Debug|Any CPU
		{EB7634C0-EE65-4363-9CD4-9DE78E1F6A9F}.Release|Any CPU.ActiveCfg = Release|Any CPU
		{EB7634C0-EE65-4363-9CD4-9DE78E1F6A9F}.Release|Any CPU.Build.0 = Release|Any CPU
		{812D153C-A605-4B6A-A35E-E3C7EF143C08}.Debug|Any CPU.ActiveCfg = Debug|Any CPU
		{812D153C-A605-4B6A-A35E-E3C7EF143C08}.Debug|Any CPU.Build.0 = Debug|Any CPU
		{812D153C-A605-4B6A-A35E-E3C7EF143C08}.Release|Any CPU.ActiveCfg = Release|Any CPU
		{812D153C-A605-4B6A-A35E-E3C7EF143C08}.Release|Any CPU.Build.0 = Release|Any CPU
		{29B05500-BD84-4108-AE5F-45B0AE8B9FB4}.Debug|Any CPU.ActiveCfg = Debug|Any CPU
		{29B05500-BD84-4108-AE5F-45B0AE8B9FB4}.Debug|Any CPU.Build.0 = Debug|Any CPU
		{29B05500-BD84-4108-AE5F-45B0AE8B9FB4}.Release|Any CPU.ActiveCfg = Release|Any CPU
		{29B05500-BD84-4108-AE5F-45B0AE8B9FB4}.Release|Any CPU.Build.0 = Release|Any CPU
	EndGlobalSection
	GlobalSection(SolutionProperties) = preSolution
		HideSolutionNode = FALSE
	EndGlobalSection
	GlobalSection(NestedProjects) = preSolution
		{AB1A4F07-A06B-448D-839E-4847F5ACA3BB} = {47F8D564-147C-46FF-AF10-8CAA9A1B4D87}
		{5A7EB666-2296-4BD6-9CC8-A473FBDDACAB} = {47F8D564-147C-46FF-AF10-8CAA9A1B4D87}
		{EB7634C0-EE65-4363-9CD4-9DE78E1F6A9F} = {47F8D564-147C-46FF-AF10-8CAA9A1B4D87}
		{812D153C-A605-4B6A-A35E-E3C7EF143C08} = {47F8D564-147C-46FF-AF10-8CAA9A1B4D87}
	EndGlobalSection
	GlobalSection(ExtensibilityGlobals) = postSolution
		SolutionGuid = {18F1E682-F389-4D54-9FFA-AA9E6E64D4C7}
	EndGlobalSection
EndGlobal
